
Microsoft Visual Studio Solution File, Format Version 12.00
# Visual Studio Version 16
VisualStudioVersion = 16.0.31624.102
MinimumVisualStudioVersion = 10.0.40219.1
Project("{9A19103F-16F7-4668-BE54-9A1E7A4F7556}") = "Combat_Tracker_5e", "Combat_Tracker_5e\Combat_Tracker_5e.csproj", "{AB0EBFFB-4E36-4331-876C-B74C1FB53966}"
EndProject
Global
	GlobalSection(SolutionConfigurationPlatforms) = preSolution
		Debug|Any CPU = Debug|Any CPU
		Release|Any CPU = Release|Any CPU
	EndGlobalSection
	GlobalSection(ProjectConfigurationPlatforms) = postSolution
		{AB0EBFFB-4E36-4331-876C-B74C1FB53966}.Debug|Any CPU.ActiveCfg = Debug|Any CPU
		{AB0EBFFB-4E36-4331-876C-B74C1FB53966}.Debug|Any CPU.Build.0 = Debug|Any CPU
		{AB0EBFFB-4E36-4331-876C-B74C1FB53966}.Release|Any CPU.ActiveCfg = Release|Any CPU
		{AB0EBFFB-4E36-4331-876C-B74C1FB53966}.Release|Any CPU.Build.0 = Release|Any CPU
	EndGlobalSection
	GlobalSection(SolutionProperties) = preSolution
		HideSolutionNode = FALSE
	EndGlobalSection
	GlobalSection(ExtensibilityGlobals) = postSolution
		SolutionGuid = {FE57623E-7D46-45F4-9FC4-D51D314F77DE}
	EndGlobalSection
EndGlobal
